
Microsoft Visual Studio Solution File, Format Version 12.00
# Visual Studio Version 17
VisualStudioVersion = 17.6.33801.468
MinimumVisualStudioVersion = 10.0.40219.1
Project("{FAE04EC0-301F-11D3-BF4B-00C04F79EFBC}") = "smb", "smb.csproj", "{4C060C33-E4E8-41F2-841D-D5D2357C2CB4}"
EndProject
Global
	GlobalSection(SolutionConfigurationPlatforms) = preSolution
		Debug|Any CPU = Debug|Any CPU
		Release|Any CPU = Release|Any CPU
	EndGlobalSection
	GlobalSection(ProjectConfigurationPlatforms) = postSolution
		{4C060C33-E4E8-41F2-841D-D5D2357C2CB4}.Debug|Any CPU.ActiveCfg = Debug|Any CPU
		{4C060C33-E4E8-41F2-841D-D5D2357C2CB4}.Debug|Any CPU.Build.0 = Debug|Any CPU
		{4C060C33-E4E8-41F2-841D-D5D2357C2CB4}.Release|Any CPU.ActiveCfg = Release|Any CPU
		{4C060C33-E4E8-41F2-841D-D5D2357C2CB4}.Release|Any CPU.Build.0 = Release|Any CPU
	EndGlobalSection
	GlobalSection(SolutionProperties) = preSolution
		HideSolutionNode = FALSE
	EndGlobalSection
	GlobalSection(ExtensibilityGlobals) = postSolution
		SolutionGuid = {0A67625A-3D8F-4C60-AE01-B010554CE6E2}
	EndGlobalSection
EndGlobal
